// !$*UTF8*$!
{
	archiveVersion = 1;
	classes = {
	};
	objectVersion = 50;
	objects = {

/* Begin PBXBuildFile section */
		67C984B4207889D30062B31E /* AppDelegate.swift in Sources */ = {isa = PBXBuildFile; fileRef = 67C984B3207889D30062B31E /* AppDelegate.swift */; };
		67C984B6207889D40062B31E /* ViewController.swift in Sources */ = {isa = PBXBuildFile; fileRef = 67C984B5207889D40062B31E /* ViewController.swift */; };
		67C984B9207889D40062B31E /* Main.storyboard in Resources */ = {isa = PBXBuildFile; fileRef = 67C984B7207889D40062B31E /* Main.storyboard */; };
		67C984BC207889D40062B31E /* Cardegee.xcdatamodeld in Sources */ = {isa = PBXBuildFile; fileRef = 67C984BA207889D40062B31E /* Cardegee.xcdatamodeld */; };
		67C984BE207889D50062B31E /* Assets.xcassets in Resources */ = {isa = PBXBuildFile; fileRef = 67C984BD207889D50062B31E /* Assets.xcassets */; };
		67C984C1207889D50062B31E /* LaunchScreen.storyboard in Resources */ = {isa = PBXBuildFile; fileRef = 67C984BF207889D50062B31E /* LaunchScreen.storyboard */; };
		67C984CC207889D50062B31E /* CardegeeTests.swift in Sources */ = {isa = PBXBuildFile; fileRef = 67C984CB207889D50062B31E /* CardegeeTests.swift */; };
		67C984D7207889D50062B31E /* CardegeeUITests.swift in Sources */ = {isa = PBXBuildFile; fileRef = 67C984D6207889D50062B31E /* CardegeeUITests.swift */; };
/* End PBXBuildFile section */

/* Begin PBXContainerItemProxy section */
		67C984C8207889D50062B31E /* PBXContainerItemProxy */ = {
			isa = PBXContainerItemProxy;
			containerPortal = 67C984A8207889D30062B31E /* Project object */;
			proxyType = 1;
			remoteGlobalIDString = 67C984AF207889D30062B31E;
			remoteInfo = Cardegee;
		};
		67C984D3207889D50062B31E /* PBXContainerItemProxy */ = {
			isa = PBXContainerItemProxy;
			containerPortal = 67C984A8207889D30062B31E /* Project object */;
			proxyType = 1;
			remoteGlobalIDString = 67C984AF207889D30062B31E;
			remoteInfo = Cardegee;
		};
/* End PBXContainerItemProxy section */

/* Begin PBXFileReference section */
		67C984B0207889D30062B31E /* Cardegee.app */ = {isa = PBXFileReference; explicitFileType = wrapper.application; includeInIndex = 0; path = Cardegee.app; sourceTree = BUILT_PRODUCTS_DIR; };
		67C984B3207889D30062B31E /* AppDelegate.swift */ = {isa = PBXFileReference; lastKnownFileType = sourcecode.swift; path = AppDelegate.swift; sourceTree = "<group>"; };
		67C984B5207889D40062B31E /* ViewController.swift */ = {isa = PBXFileReference; lastKnownFileType = sourcecode.swift; path = ViewController.swift; sourceTree = "<group>"; };
		67C984B8207889D40062B31E /* Base */ = {isa = PBXFileReference; lastKnownFileType = file.storyboard; name = Base; path = Base.lproj/Main.storyboard; sourceTree = "<group>"; };
		67C984BB207889D40062B31E /* Cardegee.xcdatamodel */ = {isa = PBXFileReference; lastKnownFileType = wrapper.xcdatamodel; path = Cardegee.xcdatamodel; sourceTree = "<group>"; };
		67C984BD207889D50062B31E /* Assets.xcassets */ = {isa = PBXFileReference; lastKnownFileType = folder.assetcatalog; path = Assets.xcassets; sourceTree = "<group>"; };
		67C984C0207889D50062B31E /* Base */ = {isa = PBXFileReference; lastKnownFileType = file.storyboard; name = Base; path = Base.lproj/LaunchScreen.storyboard; sourceTree = "<group>"; };
		67C984C2207889D50062B31E /* Info.plist */ = {isa = PBXFileReference; lastKnownFileType = text.plist.xml; path = Info.plist; sourceTree = "<group>"; };
		67C984C7207889D50062B31E /* CardegeeTests.xctest */ = {isa = PBXFileReference; explicitFileType = wrapper.cfbundle; includeInIndex = 0; path = CardegeeTests.xctest; sourceTree = BUILT_PRODUCTS_DIR; };
		67C984CB207889D50062B31E /* CardegeeTests.swift */ = {isa = PBXFileReference; lastKnownFileType = sourcecode.swift; path = CardegeeTests.swift; sourceTree = "<group>"; };
		67C984CD207889D50062B31E /* Info.plist */ = {isa = PBXFileReference; lastKnownFileType = text.plist.xml; path = Info.plist; sourceTree = "<group>"; };
		67C984D2207889D50062B31E /* CardegeeUITests.xctest */ = {isa = PBXFileReference; explicitFileType = wrapper.cfbundle; includeInIndex = 0; path = CardegeeUITests.xctest; sourceTree = BUILT_PRODUCTS_DIR; };
		67C984D6207889D50062B31E /* CardegeeUITests.swift */ = {isa = PBXFileReference; lastKnownFileType = sourcecode.swift; path = CardegeeUITests.swift; sourceTree = "<group>"; };
		67C984D8207889D50062B31E /* Info.plist */ = {isa = PBXFileReference; lastKnownFileType = text.plist.xml; path = Info.plist; sourceTree = "<group>"; };
/* End PBXFileReference section */

/* Begin PBXFrameworksBuildPhase section */
		67C984AD207889D30062B31E /* Frameworks */ = {
			isa = PBXFrameworksBuildPhase;
			buildActionMask = 2147483647;
			files = (
			);
			runOnlyForDeploymentPostprocessing = 0;
		};
		67C984C4207889D50062B31E /* Frameworks */ = {
			isa = PBXFrameworksBuildPhase;
			buildActionMask = 2147483647;
			files = (
			);
			runOnlyForDeploymentPostprocessing = 0;
		};
		67C984CF207889D50062B31E /* Frameworks */ = {
			isa = PBXFrameworksBuildPhase;
			buildActionMask = 2147483647;
			files = (
			);
			runOnlyForDeploymentPostprocessing = 0;
		};
/* End PBXFrameworksBuildPhase section */

/* Begin PBXGroup section */
		67C984A7207889D30062B31E = {
			isa = PBXGroup;
			children = (
				67C984B2207889D30062B31E /* Cardegee */,
				67C984CA207889D50062B31E /* CardegeeTests */,
				67C984D5207889D50062B31E /* CardegeeUITests */,
				67C984B1207889D30062B31E /* Products */,
			);
			sourceTree = "<group>";
		};
		67C984B1207889D30062B31E /* Products */ = {
			isa = PBXGroup;
			children = (
				67C984B0207889D30062B31E /* Cardegee.app */,
				67C984C7207889D50062B31E /* CardegeeTests.xctest */,
				67C984D2207889D50062B31E /* CardegeeUITests.xctest */,
			);
			name = Products;
			sourceTree = "<group>";
		};
		67C984B2207889D30062B31E /* Cardegee */ = {
			isa = PBXGroup;
			children = (
				67C984B3207889D30062B31E /* AppDelegate.swift */,
				67C984B5207889D40062B31E /* ViewController.swift */,
				67C984B7207889D40062B31E /* Main.storyboard */,
				67C984BD207889D50062B31E /* Assets.xcassets */,
				67C984BF207889D50062B31E /* LaunchScreen.storyboard */,
				67C984C2207889D50062B31E /* Info.plist */,
				67C984BA207889D40062B31E /* Cardegee.xcdatamodeld */,
			);
			path = Cardegee;
			sourceTree = "<group>";
		};
		67C984CA207889D50062B31E /* CardegeeTests */ = {
			isa = PBXGroup;
			children = (
				67C984CB207889D50062B31E /* CardegeeTests.swift */,
				67C984CD207889D50062B31E /* Info.plist */,
			);
			path = CardegeeTests;
			sourceTree = "<group>";
		};
		67C984D5207889D50062B31E /* CardegeeUITests */ = {
			isa = PBXGroup;
			children = (
				67C984D6207889D50062B31E /* CardegeeUITests.swift */,
				67C984D8207889D50062B31E /* Info.plist */,
			);
			path = CardegeeUITests;
			sourceTree = "<group>";
		};
/* End PBXGroup section */

/* Begin PBXNativeTarget section */
		67C984AF207889D30062B31E /* Cardegee */ = {
			isa = PBXNativeTarget;
			buildConfigurationList = 67C984DB207889D50062B31E /* Build configuration list for PBXNativeTarget "Cardegee" */;
			buildPhases = (
				67C984AC207889D30062B31E /* Sources */,
				67C984AD207889D30062B31E /* Frameworks */,
				67C984AE207889D30062B31E /* Resources */,
			);
			buildRules = (
			);
			dependencies = (
			);
			name = Cardegee;
			productName = Cardegee;
			productReference = 67C984B0207889D30062B31E /* Cardegee.app */;
			productType = "com.apple.product-type.application";
		};
		67C984C6207889D50062B31E /* CardegeeTests */ = {
			isa = PBXNativeTarget;
			buildConfigurationList = 67C984DE207889D50062B31E /* Build configuration list for PBXNativeTarget "CardegeeTests" */;
			buildPhases = (
				67C984C3207889D50062B31E /* Sources */,
				67C984C4207889D50062B31E /* Frameworks */,
				67C984C5207889D50062B31E /* Resources */,
			);
			buildRules = (
			);
			dependencies = (
				67C984C9207889D50062B31E /* PBXTargetDependency */,
			);
			name = CardegeeTests;
			productName = CardegeeTests;
			productReference = 67C984C7207889D50062B31E /* CardegeeTests.xctest */;
			productType = "com.apple.product-type.bundle.unit-test";
		};
		67C984D1207889D50062B31E /* CardegeeUITests */ = {
			isa = PBXNativeTarget;
			buildConfigurationList = 67C984E1207889D50062B31E /* Build configuration list for PBXNativeTarget "CardegeeUITests" */;
			buildPhases = (
				67C984CE207889D50062B31E /* Sources */,
				67C984CF207889D50062B31E /* Frameworks */,
				67C984D0207889D50062B31E /* Resources */,
			);
			buildRules = (
			);
			dependencies = (
				67C984D4207889D50062B31E /* PBXTargetDependency */,
			);
			name = CardegeeUITests;
			productName = CardegeeUITests;
			productReference = 67C984D2207889D50062B31E /* CardegeeUITests.xctest */;
			productType = "com.apple.product-type.bundle.ui-testing";
		};
/* End PBXNativeTarget section */

/* Begin PBXProject section */
		67C984A8207889D30062B31E /* Project object */ = {
			isa = PBXProject;
			attributes = {
				LastSwiftUpdateCheck = 0930;
				LastUpgradeCheck = 0930;
				ORGANIZATIONNAME = "Thiago Centurion";
				TargetAttributes = {
					67C984AF207889D30062B31E = {
						CreatedOnToolsVersion = 9.3;
					};
					67C984C6207889D50062B31E = {
						CreatedOnToolsVersion = 9.3;
						TestTargetID = 67C984AF207889D30062B31E;
					};
					67C984D1207889D50062B31E = {
						CreatedOnToolsVersion = 9.3;
						TestTargetID = 67C984AF207889D30062B31E;
					};
				};
			};
			buildConfigurationList = 67C984AB207889D30062B31E /* Build configuration list for PBXProject "Cardegee" */;
			compatibilityVersion = "Xcode 9.3";
			developmentRegion = en;
			hasScannedForEncodings = 0;
			knownRegions = (
				en,
				Base,
			);
			mainGroup = 67C984A7207889D30062B31E;
			productRefGroup = 67C984B1207889D30062B31E /* Products */;
			projectDirPath = "";
			projectRoot = "";
			targets = (
				67C984AF207889D30062B31E /* Cardegee */,
				67C984C6207889D50062B31E /* CardegeeTests */,
				67C984D1207889D50062B31E /* CardegeeUITests */,
			);
		};
/* End PBXProject section */

/* Begin PBXResourcesBuildPhase section */
		67C984AE207889D30062B31E /* Resources */ = {
			isa = PBXResourcesBuildPhase;
			buildActionMask = 2147483647;
			files = (
				67C984C1207889D50062B31E /* LaunchScreen.storyboard in Resources */,
				67C984BE207889D50062B31E /* Assets.xcassets in Resources */,
				67C984B9207889D40062B31E /* Main.storyboard in Resources */,
			);
			runOnlyForDeploymentPostprocessing = 0;
		};
		67C984C5207889D50062B31E /* Resources */ = {
			isa = PBXResourcesBuildPhase;
			buildActionMask = 2147483647;
			files = (
			);
			runOnlyForDeploymentPostprocessing = 0;
		};
		67C984D0207889D50062B31E /* Resources */ = {
			isa = PBXResourcesBuildPhase;
			buildActionMask = 2147483647;
			files = (
			);
			runOnlyForDeploymentPostprocessing = 0;
		};
/* End PBXResourcesBuildPhase section */

/* Begin PBXSourcesBuildPhase section */
		67C984AC207889D30062B31E /* Sources */ = {
			isa = PBXSourcesBuildPhase;
			buildActionMask = 2147483647;
			files = (
				67C984BC207889D40062B31E /* Cardegee.xcdatamodeld in Sources */,
				67C984B6207889D40062B31E /* ViewController.swift in Sources */,
				67C984B4207889D30062B31E /* AppDelegate.swift in Sources */,
			);
			runOnlyForDeploymentPostprocessing = 0;
		};
		67C984C3207889D50062B31E /* Sources */ = {
			isa = PBXSourcesBuildPhase;
			buildActionMask = 2147483647;
			files = (
				67C984CC207889D50062B31E /* CardegeeTests.swift in Sources */,
			);
			runOnlyForDeploymentPostprocessing = 0;
		};
		67C984CE207889D50062B31E /* Sources */ = {
			isa = PBXSourcesBuildPhase;
			buildActionMask = 2147483647;
			files = (
				67C984D7207889D50062B31E /* CardegeeUITests.swift in Sources */,
			);
			runOnlyForDeploymentPostprocessing = 0;
		};
/* End PBXSourcesBuildPhase section */

/* Begin PBXTargetDependency section */
		67C984C9207889D50062B31E /* PBXTargetDependency */ = {
			isa = PBXTargetDependency;
			target = 67C984AF207889D30062B31E /* Cardegee */;
			targetProxy = 67C984C8207889D50062B31E /* PBXContainerItemProxy */;
		};
		67C984D4207889D50062B31E /* PBXTargetDependency */ = {
			isa = PBXTargetDependency;
			target = 67C984AF207889D30062B31E /* Cardegee */;
			targetProxy = 67C984D3207889D50062B31E /* PBXContainerItemProxy */;
		};
/* End PBXTargetDependency section */

/* Begin PBXVariantGroup section */
		67C984B7207889D40062B31E /* Main.storyboard */ = {
			isa = PBXVariantGroup;
			children = (
				67C984B8207889D40062B31E /* Base */,
			);
			name = Main.storyboard;
			sourceTree = "<group>";
		};
		67C984BF207889D50062B31E /* LaunchScreen.storyboard */ = {
			isa = PBXVariantGroup;
			children = (
				67C984C0207889D50062B31E /* Base */,
			);
			name = LaunchScreen.storyboard;
			sourceTree = "<group>";
		};
/* End PBXVariantGroup section */

/* Begin XCBuildConfiguration section */
		67C984D9207889D50062B31E /* Debug */ = {
			isa = XCBuildConfiguration;
			buildSettings = {
				ALWAYS_SEARCH_USER_PATHS = NO;
				CLANG_ANALYZER_NONNULL = YES;
				CLANG_ANALYZER_NUMBER_OBJECT_CONVERSION = YES_AGGRESSIVE;
				CLANG_CXX_LANGUAGE_STANDARD = "gnu++14";
				CLANG_CXX_LIBRARY = "libc++";
				CLANG_ENABLE_MODULES = YES;
				CLANG_ENABLE_OBJC_ARC = YES;
				CLANG_ENABLE_OBJC_WEAK = YES;
				CLANG_WARN_BLOCK_CAPTURE_AUTORELEASING = YES;
				CLANG_WARN_BOOL_CONVERSION = YES;
				CLANG_WARN_COMMA = YES;
				CLANG_WARN_CONSTANT_CONVERSION = YES;
				CLANG_WARN_DEPRECATED_OBJC_IMPLEMENTATIONS = YES;
				CLANG_WARN_DIRECT_OBJC_ISA_USAGE = YES_ERROR;
				CLANG_WARN_DOCUMENTATION_COMMENTS = YES;
				CLANG_WARN_EMPTY_BODY = YES;
				CLANG_WARN_ENUM_CONVERSION = YES;
				CLANG_WARN_INFINITE_RECURSION = YES;
				CLANG_WARN_INT_CONVERSION = YES;
				CLANG_WARN_NON_LITERAL_NULL_CONVERSION = YES;
				CLANG_WARN_OBJC_IMPLICIT_RETAIN_SELF = YES;
				CLANG_WARN_OBJC_LITERAL_CONVERSION = YES;
				CLANG_WARN_OBJC_ROOT_CLASS = YES_ERROR;
				CLANG_WARN_RANGE_LOOP_ANALYSIS = YES;
				CLANG_WARN_STRICT_PROTOTYPES = YES;
				CLANG_WARN_SUSPICIOUS_MOVE = YES;
				CLANG_WARN_UNGUARDED_AVAILABILITY = YES_AGGRESSIVE;
				CLANG_WARN_UNREACHABLE_CODE = YES;
				CLANG_WARN__DUPLICATE_METHOD_MATCH = YES;
				CODE_SIGN_IDENTITY = "iPhone Developer";
				COPY_PHASE_STRIP = NO;
				DEBUG_INFORMATION_FORMAT = dwarf;
				ENABLE_STRICT_OBJC_MSGSEND = YES;
				ENABLE_TESTABILITY = YES;
				GCC_C_LANGUAGE_STANDARD = gnu11;
				GCC_DYNAMIC_NO_PIC = NO;
				GCC_NO_COMMON_BLOCKS = YES;
				GCC_OPTIMIZATION_LEVEL = 0;
				GCC_PREPROCESSOR_DEFINITIONS = (
					"DEBUG=1",
					"$(inherited)",
				);
				GCC_WARN_64_TO_32_BIT_CONVERSION = YES;
				GCC_WARN_ABOUT_RETURN_TYPE = YES_ERROR;
				GCC_WARN_UNDECLARED_SELECTOR = YES;
				GCC_WARN_UNINITIALIZED_AUTOS = YES_AGGRESSIVE;
				GCC_WARN_UNUSED_FUNCTION = YES;
				GCC_WARN_UNUSED_VARIABLE = YES;
				IPHONEOS_DEPLOYMENT_TARGET = 11.3;
				MTL_ENABLE_DEBUG_INFO = YES;
				ONLY_ACTIVE_ARCH = YES;
				SDKROOT = iphoneos;
				SWIFT_ACTIVE_COMPILATION_CONDITIONS = DEBUG;
				SWIFT_OPTIMIZATION_LEVEL = "-Onone";
			};
			name = Debug;
		};
		67C984DA207889D50062B31E /* Release */ = {
			isa = XCBuildConfiguration;
			buildSettings = {
				ALWAYS_SEARCH_USER_PATHS = NO;
				CLANG_ANALYZER_NONNULL = YES;
				CLANG_ANALYZER_NUMBER_OBJECT_CONVERSION = YES_AGGRESSIVE;
				CLANG_CXX_LANGUAGE_STANDARD = "gnu++14";
				CLANG_CXX_LIBRARY = "libc++";
				CLANG_ENABLE_MODULES = YES;
				CLANG_ENABLE_OBJC_ARC = YES;
				CLANG_ENABLE_OBJC_WEAK = YES;
				CLANG_WARN_BLOCK_CAPTURE_AUTORELEASING = YES;
				CLANG_WARN_BOOL_CONVERSION = YES;
				CLANG_WARN_COMMA = YES;
				CLANG_WARN_CONSTANT_CONVERSION = YES;
				CLANG_WARN_DEPRECATED_OBJC_IMPLEMENTATIONS = YES;
				CLANG_WARN_DIRECT_OBJC_ISA_USAGE = YES_ERROR;
				CLANG_WARN_DOCUMENTATION_COMMENTS = YES;
				CLANG_WARN_EMPTY_BODY = YES;
				CLANG_WARN_ENUM_CONVERSION = YES;
				CLANG_WARN_INFINITE_RECURSION = YES;
				CLANG_WARN_INT_CONVERSION = YES;
				CLANG_WARN_NON_LITERAL_NULL_CONVERSION = YES;
				CLANG_WARN_OBJC_IMPLICIT_RETAIN_SELF = YES;
				CLANG_WARN_OBJC_LITERAL_CONVERSION = YES;
				CLANG_WARN_OBJC_ROOT_CLASS = YES_ERROR;
				CLANG_WARN_RANGE_LOOP_ANALYSIS = YES;
				CLANG_WARN_STRICT_PROTOTYPES = YES;
				CLANG_WARN_SUSPICIOUS_MOVE = YES;
				CLANG_WARN_UNGUARDED_AVAILABILITY = YES_AGGRESSIVE;
				CLANG_WARN_UNREACHABLE_CODE = YES;
				CLANG_WARN__DUPLICATE_METHOD_MATCH = YES;
				CODE_SIGN_IDENTITY = "iPhone Developer";
				COPY_PHASE_STRIP = NO;
				DEBUG_INFORMATION_FORMAT = "dwarf-with-dsym";
				ENABLE_NS_ASSERTIONS = NO;
				ENABLE_STRICT_OBJC_MSGSEND = YES;
				GCC_C_LANGUAGE_STANDARD = gnu11;
				GCC_NO_COMMON_BLOCKS = YES;
				GCC_WARN_64_TO_32_BIT_CONVERSION = YES;
				GCC_WARN_ABOUT_RETURN_TYPE = YES_ERROR;
				GCC_WARN_UNDECLARED_SELECTOR = YES;
				GCC_WARN_UNINITIALIZED_AUTOS = YES_AGGRESSIVE;
				GCC_WARN_UNUSED_FUNCTION = YES;
				GCC_WARN_UNUSED_VARIABLE = YES;
				IPHONEOS_DEPLOYMENT_TARGET = 11.3;
				MTL_ENABLE_DEBUG_INFO = NO;
				SDKROOT = iphoneos;
				SWIFT_COMPILATION_MODE = wholemodule;
				SWIFT_OPTIMIZATION_LEVEL = "-O";
				VALIDATE_PRODUCT = YES;
			};
			name = Release;
		};
		67C984DC207889D50062B31E /* Debug */ = {
			isa = XCBuildConfiguration;
			buildSettings = {
				ASSETCATALOG_COMPILER_APPICON_NAME = AppIcon;
				CODE_SIGN_STYLE = Automatic;
				DEVELOPMENT_TEAM = TTSKDZ455K;
				INFOPLIST_FILE = Cardegee/Info.plist;
				LD_RUNPATH_SEARCH_PATHS = (
					"$(inherited)",
					"@executable_path/Frameworks",
				);
				PRODUCT_BUNDLE_IDENTIFIER = "com.thiago-centurion.Cardegee";
				PRODUCT_NAME = "$(TARGET_NAME)";
				SWIFT_VERSION = 4.0;
				TARGETED_DEVICE_FAMILY = "1,2";
			};
			name = Debug;
		};
		67C984DD207889D50062B31E /* Release */ = {
			isa = XCBuildConfiguration;
			buildSettings = {
				ASSETCATALOG_COMPILER_APPICON_NAME = AppIcon;
				CODE_SIGN_STYLE = Automatic;
				DEVELOPMENT_TEAM = TTSKDZ455K;
				INFOPLIST_FILE = Cardegee/Info.plist;
				LD_RUNPATH_SEARCH_PATHS = (
					"$(inherited)",
					"@executable_path/Frameworks",
				);
				PRODUCT_BUNDLE_IDENTIFIER = "com.thiago-centurion.Cardegee";
				PRODUCT_NAME = "$(TARGET_NAME)";
				SWIFT_VERSION = 4.0;
				TARGETED_DEVICE_FAMILY = "1,2";
			};
			name = Release;
		};
		67C984DF207889D50062B31E /* Debug */ = {
			isa = XCBuildConfiguration;
			buildSettings = {
				ALWAYS_EMBED_SWIFT_STANDARD_LIBRARIES = YES;
				BUNDLE_LOADER = "$(TEST_HOST)";
				CODE_SIGN_STYLE = Automatic;
				DEVELOPMENT_TEAM = TTSKDZ455K;
				INFOPLIST_FILE = CardegeeTests/Info.plist;
				LD_RUNPATH_SEARCH_PATHS = (
					"$(inherited)",
					"@executable_path/Frameworks",
					"@loader_path/Frameworks",
				);
				PRODUCT_BUNDLE_IDENTIFIER = "com.thiago-centurion.CardegeeTests";
				PRODUCT_NAME = "$(TARGET_NAME)";
				SWIFT_VERSION = 4.0;
				TARGETED_DEVICE_FAMILY = "1,2";
				TEST_HOST = "$(BUILT_PRODUCTS_DIR)/Cardegee.app/Cardegee";
			};
			name = Debug;
		};
		67C984E0207889D50062B31E /* Release */ = {
			isa = XCBuildConfiguration;
			buildSettings = {
				ALWAYS_EMBED_SWIFT_STANDARD_LIBRARIES = YES;
				BUNDLE_LOADER = "$(TEST_HOST)";
				CODE_SIGN_STYLE = Automatic;
				DEVELOPMENT_TEAM = TTSKDZ455K;
				INFOPLIST_FILE = CardegeeTests/Info.plist;
				LD_RUNPATH_SEARCH_PATHS = (
					"$(inherited)",
					"@executable_path/Frameworks",
					"@loader_path/Frameworks",
				);
				PRODUCT_BUNDLE_IDENTIFIER = "com.thiago-centurion.CardegeeTests";
				PRODUCT_NAME = "$(TARGET_NAME)";
				SWIFT_VERSION = 4.0;
				TARGETED_DEVICE_FAMILY = "1,2";
				TEST_HOST = "$(BUILT_PRODUCTS_DIR)/Cardegee.app/Cardegee";
			};
			name = Release;
		};
		67C984E2207889D50062B31E /* Debug */ = {
			isa = XCBuildConfiguration;
			buildSettings = {
				ALWAYS_EMBED_SWIFT_STANDARD_LIBRARIES = YES;
				CODE_SIGN_STYLE = Automatic;
				DEVELOPMENT_TEAM = TTSKDZ455K;
				INFOPLIST_FILE = CardegeeUITests/Info.plist;
				LD_RUNPATH_SEARCH_PATHS = (
					"$(inherited)",
					"@executable_path/Frameworks",
					"@loader_path/Frameworks",
				);
				PRODUCT_BUNDLE_IDENTIFIER = "com.thiago-centurion.CardegeeUITests";
				PRODUCT_NAME = "$(TARGET_NAME)";
				SWIFT_VERSION = 4.0;
				TARGETED_DEVICE_FAMILY = "1,2";
				TEST_TARGET_NAME = Cardegee;
			};
			name = Debug;
		};
		67C984E3207889D50062B31E /* Release */ = {
			isa = XCBuildConfiguration;
			buildSettings = {
				ALWAYS_EMBED_SWIFT_STANDARD_LIBRARIES = YES;
				CODE_SIGN_STYLE = Automatic;
				DEVELOPMENT_TEAM = TTSKDZ455K;
				INFOPLIST_FILE = CardegeeUITests/Info.plist;
				LD_RUNPATH_SEARCH_PATHS = (
					"$(inherited)",
					"@executable_path/Frameworks",
					"@loader_path/Frameworks",
				);
				PRODUCT_BUNDLE_IDENTIFIER = "com.thiago-centurion.CardegeeUITests";
				PRODUCT_NAME = "$(TARGET_NAME)";
				SWIFT_VERSION = 4.0;
				TARGETED_DEVICE_FAMILY = "1,2";
				TEST_TARGET_NAME = Cardegee;
			};
			name = Release;
		};
/* End XCBuildConfiguration section */

/* Begin XCConfigurationList section */
		67C984AB207889D30062B31E /* Build configuration list for PBXProject "Cardegee" */ = {
			isa = XCConfigurationList;
			buildConfigurations = (
				67C984D9207889D50062B31E /* Debug */,
				67C984DA207889D50062B31E /* Release */,
			);
			defaultConfigurationIsVisible = 0;
			defaultConfigurationName = Release;
		};
		67C984DB207889D50062B31E /* Build configuration list for PBXNativeTarget "Cardegee" */ = {
			isa = XCConfigurationList;
			buildConfigurations = (
				67C984DC207889D50062B31E /* Debug */,
				67C984DD207889D50062B31E /* Release */,
			);
			defaultConfigurationIsVisible = 0;
			defaultConfigurationName = Release;
		};
		67C984DE207889D50062B31E /* Build configuration list for PBXNativeTarget "CardegeeTests" */ = {
			isa = XCConfigurationList;
			buildConfigurations = (
				67C984DF207889D50062B31E /* Debug */,
				67C984E0207889D50062B31E /* Release */,
			);
			defaultConfigurationIsVisible = 0;
			defaultConfigurationName = Release;
		};
		67C984E1207889D50062B31E /* Build configuration list for PBXNativeTarget "CardegeeUITests" */ = {
			isa = XCConfigurationList;
			buildConfigurations = (
				67C984E2207889D50062B31E /* Debug */,
				67C984E3207889D50062B31E /* Release */,
			);
			defaultConfigurationIsVisible = 0;
			defaultConfigurationName = Release;
		};
/* End XCConfigurationList section */

/* Begin XCVersionGroup section */
		67C984BA207889D40062B31E /* Cardegee.xcdatamodeld */ = {
			isa = XCVersionGroup;
			children = (
				67C984BB207889D40062B31E /* Cardegee.xcdatamodel */,
			);
			currentVersion = 67C984BB207889D40062B31E /* Cardegee.xcdatamodel */;
			path = Cardegee.xcdatamodeld;
			sourceTree = "<group>";
			versionGroupType = wrapper.xcdatamodel;
		};
/* End XCVersionGroup section */
	};
	rootObject = 67C984A8207889D30062B31E /* Project object */;
}
